Microsoft Visual Studio Solution File, Format Version 12.00
# Visual Studio Version 17
VisualStudioVersion = 17.5.2.0
MinimumVisualStudioVersion = 10.0.40219.1
Project("{FAE04EC0-301F-11D3-BF4B-00C04F79EFBC}") = "UnityCleaner", "UnityCleaner\UnityCleaner.csproj", "{ED396EDE-EF9A-8E47-FDAF-140D60551AE6}"
EndProject
Global
	GlobalSection(SolutionConfigurationPlatforms) = preSolution
		Debug|Any CPU = Debug|Any CPU
		Release|Any CPU = Release|Any CPU
	EndGlobalSection
	GlobalSection(ProjectConfigurationPlatforms) = postSolution
		{ED396EDE-EF9A-8E47-FDAF-140D60551AE6}.Debug|Any CPU.ActiveCfg = Debug|Any CPU
		{ED396EDE-EF9A-8E47-FDAF-140D60551AE6}.Debug|Any CPU.Build.0 = Debug|Any CPU
		{ED396EDE-EF9A-8E47-FDAF-140D60551AE6}.Release|Any CPU.ActiveCfg = Release|Any CPU
		{ED396EDE-EF9A-8E47-FDAF-140D60551AE6}.Release|Any CPU.Build.0 = Release|Any CPU
	EndGlobalSection
	GlobalSection(SolutionProperties) = preSolution
		HideSolutionNode = FALSE
	EndGlobalSection
	GlobalSection(ExtensibilityGlobals) = postSolution
		SolutionGuid = {19A2DEE3-5912-4CD7-A7AA-3C102620BE65}
	EndGlobalSection
EndGlobal
